PODS:
  - FSClassExtensions (1.4.1):
    - FSClassExtensions/Shared
  - FSClassExtensions/Shared (1.4.1)

DEPENDENCIES:
  - FSClassExtensions (from `../FSClassExtensions.podspec`)

EXTERNAL SOURCES:
  FSClassExtensions:
    :path: ../FSClassExtensions.podspec

SPEC CHECKSUMS:
  FSClassExtensions: 480f94b862aee5c8225629510a3615fff12b1a65

COCOAPODS: 0.27.0
